
Microsoft Visual Studio Solution File, Format Version 12.00
# Visual Studio Version 17
VisualStudioVersion = 17.14.36518.9 d17.14
MinimumVisualStudioVersion = 10.0.40219.1
Project("{FAE04EC0-301F-11D3-BF4B-00C04F79EFBC}") = "FacadeDP", "FacadeDP\FacadeDP.csproj", "{33FD445A-B792-4AD1-80B8-F49022D7AFD8}"
EndProject
Global
	GlobalSection(SolutionConfigurationPlatforms) = preSolution
		Debug|Any CPU = Debug|Any CPU
		Release|Any CPU = Release|Any CPU
	EndGlobalSection
	GlobalSection(ProjectConfigurationPlatforms) = postSolution
		{33FD445A-B792-4AD1-80B8-F49022D7AFD8}.Debug|Any CPU.ActiveCfg = Debug|Any CPU
		{33FD445A-B792-4AD1-80B8-F49022D7AFD8}.Debug|Any CPU.Build.0 = Debug|Any CPU
		{33FD445A-B792-4AD1-80B8-F49022D7AFD8}.Release|Any CPU.ActiveCfg = Release|Any CPU
		{33FD445A-B792-4AD1-80B8-F49022D7AFD8}.Release|Any CPU.Build.0 = Release|Any CPU
	EndGlobalSection
	GlobalSection(SolutionProperties) = preSolution
		HideSolutionNode = FALSE
	EndGlobalSection
	GlobalSection(ExtensibilityGlobals) = postSolution
		SolutionGuid = {F5237DAA-7D48-4CAA-B2C8-DE1F0C6C8EAD}
	EndGlobalSection
EndGlobal
